// !$*UTF8*$!
{
	archiveVersion = 1;
	classes = {
	};
	objectVersion = 50;
	objects = {

/* Begin PBXBuildFile section */
		185D2BF22626D139001A94BD /* AppDelegate.m in Sources */ = {isa = PBXBuildFile; fileRef = 185D2BF12626D139001A94BD /* AppDelegate.m */; };
		185D2BF52626D139001A94BD /* SceneDelegate.m in Sources */ = {isa = PBXBuildFile; fileRef = 185D2BF42626D139001A94BD /* SceneDelegate.m */; };
		185D2BF82626D139001A94BD /* ViewController.m in Sources */ = {isa = PBXBuildFile; fileRef = 185D2BF72626D139001A94BD /* ViewController.m */; };
		185D2BFB2626D139001A94BD /* Main.storyboard in Resources */ = {isa = PBXBuildFile; fileRef = 185D2BF92626D139001A94BD /* Main.storyboard */; };
		185D2BFD2626D13D001A94BD /* Assets.xcassets in Resources */ = {isa = PBXBuildFile; fileRef = 185D2BFC2626D13D001A94BD /* Assets.xcassets */; };
		185D2C002626D13D001A94BD /* LaunchScreen.storyboard in Resources */ = {isa = PBXBuildFile; fileRef = 185D2BFE2626D13D001A94BD /* LaunchScreen.storyboard */; };
		185D2C032626D13D001A94BD /* main.m in Sources */ = {isa = PBXBuildFile; fileRef = 185D2C022626D13D001A94BD /* main.m */; };
		185D2D7A2626E5A5001A94BD /* UIScrollView+AllowPanGestureEventPass.m in Sources */ = {isa = PBXBuildFile; fileRef = 185D2D532626E5A5001A94BD /* UIScrollView+AllowPanGestureEventPass.m */; };
		185D2D7B2626E5A5001A94BD /* NSString+MD5Addition.m in Sources */ = {isa = PBXBuildFile; fileRef = 185D2D542626E5A5001A94BD /* NSString+MD5Addition.m */; };
		185D2D7C2626E5A5001A94BD /* UIAlertController+Alert.m in Sources */ = {isa = PBXBuildFile; fileRef = 185D2D552626E5A5001A94BD /* UIAlertController+Alert.m */; };
		185D2D7D2626E5A5001A94BD /* UILabel+StringFrame.m in Sources */ = {isa = PBXBuildFile; fileRef = 185D2D592626E5A5001A94BD /* UILabel+StringFrame.m */; };
		185D2D7E2626E5A5001A94BD /* NSData+Compression.m in Sources */ = {isa = PBXBuildFile; fileRef = 185D2D5A2626E5A5001A94BD /* NSData+Compression.m */; };
		185D2D7F2626E5A5001A94BD /* UILabel+HBExtension.m in Sources */ = {isa = PBXBuildFile; fileRef = 185D2D5C2626E5A5001A94BD /* UILabel+HBExtension.m */; };
		185D2D802626E5A5001A94BD /* UIButton+HBExtension.m in Sources */ = {isa = PBXBuildFile; fileRef = 185D2D602626E5A5001A94BD /* UIButton+HBExtension.m */; };
		185D2D812626E5A5001A94BD /* UINavigationBar+Extension.m in Sources */ = {isa = PBXBuildFile; fileRef = 185D2D612626E5A5001A94BD /* UINavigationBar+Extension.m */; };
		185D2D822626E5A5001A94BD /* UIButton+TimerButton.m in Sources */ = {isa = PBXBuildFile; fileRef = 185D2D622626E5A5001A94BD /* UIButton+TimerButton.m */; };
		185D2D832626E5A5001A94BD /* UIViewController+Dealloc.m in Sources */ = {isa = PBXBuildFile; fileRef = 185D2D642626E5A5001A94BD /* UIViewController+Dealloc.m */; };
		185D2D842626E5A5001A94BD /* UIViewController+GestureStateBlock.m in Sources */ = {isa = PBXBuildFile; fileRef = 185D2D652626E5A5001A94BD /* UIViewController+GestureStateBlock.m */; };
		185D2D852626E5A5001A94BD /* NSDictionary+GetValue.m in Sources */ = {isa = PBXBuildFile; fileRef = 185D2D682626E5A5001A94BD /* NSDictionary+GetValue.m */; };
		185D2D862626E5A5001A94BD /* UIButton+ImageTitleSpacing.m in Sources */ = {isa = PBXBuildFile; fileRef = 185D2D692626E5A5001A94BD /* UIButton+ImageTitleSpacing.m */; };
		185D2D872626E5A5001A94BD /* UIColor+HBCategory.m in Sources */ = {isa = PBXBuildFile; fileRef = 185D2D6B2626E5A5001A94BD /* UIColor+HBCategory.m */; };
		185D2D882626E5A5001A94BD /* NSObject+Property.m in Sources */ = {isa = PBXBuildFile; fileRef = 185D2D6D2626E5A5001A94BD /* NSObject+Property.m */; };
		185D2D892626E5A5001A94BD /* UIBarButtonItem+HBExtension.m in Sources */ = {isa = PBXBuildFile; fileRef = 185D2D722626E5A5001A94BD /* UIBarButtonItem+HBExtension.m */; };
		185D2D8A2626E5A5001A94BD /* NSString+Replace.m in Sources */ = {isa = PBXBuildFile; fileRef = 185D2D732626E5A5001A94BD /* NSString+Replace.m */; };
		185D2D8B2626E5A5001A94BD /* UIImageView+HBExtension.m in Sources */ = {isa = PBXBuildFile; fileRef = 185D2D752626E5A5001A94BD /* UIImageView+HBExtension.m */; };
		185D2D8C2626E5A5001A94BD /* UIView+Extension.m in Sources */ = {isa = PBXBuildFile; fileRef = 185D2D762626E5A5001A94BD /* UIView+Extension.m */; };
		185D2D8D2626E5A5001A94BD /* UIImage+ImageSize.m in Sources */ = {isa = PBXBuildFile; fileRef = 185D2D792626E5A5001A94BD /* UIImage+ImageSize.m */; };
/* End PBXBuildFile section */

/* Begin PBXFileReference section */
		185D2BED2626D139001A94BD /* HBCategoryDemo.app */ = {isa = PBXFileReference; explicitFileType = wrapper.application; includeInIndex = 0; path = HBCategoryDemo.app; sourceTree = BUILT_PRODUCTS_DIR; };
		185D2BF02626D139001A94BD /* AppDelegate.h */ = {isa = PBXFileReference; lastKnownFileType = sourcecode.c.h; path = AppDelegate.h; sourceTree = "<group>"; };
		185D2BF12626D139001A94BD /* AppDelegate.m */ = {isa = PBXFileReference; lastKnownFileType = sourcecode.c.objc; path = AppDelegate.m; sourceTree = "<group>"; };
		185D2BF32626D139001A94BD /* SceneDelegate.h */ = {isa = PBXFileReference; lastKnownFileType = sourcecode.c.h; path = SceneDelegate.h; sourceTree = "<group>"; };
		185D2BF42626D139001A94BD /* SceneDelegate.m */ = {isa = PBXFileReference; lastKnownFileType = sourcecode.c.objc; path = SceneDelegate.m; sourceTree = "<group>"; };
		185D2BF62626D139001A94BD /* ViewController.h */ = {isa = PBXFileReference; lastKnownFileType = sourcecode.c.h; path = ViewController.h; sourceTree = "<group>"; };
		185D2BF72626D139001A94BD /* ViewController.m */ = {isa = PBXFileReference; lastKnownFileType = sourcecode.c.objc; path = ViewController.m; sourceTree = "<group>"; };
		185D2BFA2626D139001A94BD /* Base */ = {isa = PBXFileReference; lastKnownFileType = file.storyboard; name = Base; path = Base.lproj/Main.storyboard; sourceTree = "<group>"; };
		185D2BFC2626D13D001A94BD /* Assets.xcassets */ = {isa = PBXFileReference; lastKnownFileType = folder.assetcatalog; path = Assets.xcassets; sourceTree = "<group>"; };
		185D2BFF2626D13D001A94BD /* Base */ = {isa = PBXFileReference; lastKnownFileType = file.storyboard; name = Base; path = Base.lproj/LaunchScreen.storyboard; sourceTree = "<group>"; };
		185D2C012626D13D001A94BD /* Info.plist */ = {isa = PBXFileReference; lastKnownFileType = text.plist.xml; path = Info.plist; sourceTree = "<group>"; };
		185D2C022626D13D001A94BD /* main.m */ = {isa = PBXFileReference; lastKnownFileType = sourcecode.c.objc; path = main.m; sourceTree = "<group>"; };
		185D2D512626E5A5001A94BD /* UIButton+ImageTitleSpacing.h */ = {isa = PBXFileReference; fileEncoding = 4; lastKnownFileType = sourcecode.c.h; path = "UIButton+ImageTitleSpacing.h"; sourceTree = "<group>"; };
		185D2D522626E5A5001A94BD /* NSDictionary+GetValue.h */ = {isa = PBXFileReference; fileEncoding = 4; lastKnownFileType = sourcecode.c.h; path = "NSDictionary+GetValue.h"; sourceTree = "<group>"; };
		185D2D532626E5A5001A94BD /* UIScrollView+AllowPanGestureEventPass.m */ = {isa = PBXFileReference; fileEncoding = 4; lastKnownFileType = sourcecode.c.objc; path = "UIScrollView+AllowPanGestureEventPass.m"; sourceTree = "<group>"; };
		185D2D542626E5A5001A94BD /* NSString+MD5Addition.m */ = {isa = PBXFileReference; fileEncoding = 4; lastKnownFileType = sourcecode.c.objc; path = "NSString+MD5Addition.m"; sourceTree = "<group>"; };
		185D2D552626E5A5001A94BD /* UIAlertController+Alert.m */ = {isa = PBXFileReference; fileEncoding = 4; lastKnownFileType = sourcecode.c.objc; path = "UIAlertController+Alert.m"; sourceTree = "<group>"; };
		185D2D562626E5A5001A94BD /* NSObject+Property.h */ = {isa = PBXFileReference; fileEncoding = 4; lastKnownFileType = sourcecode.c.h; path = "NSObject+Property.h"; sourceTree = "<group>"; };
		185D2D572626E5A5001A94BD /* HBKitCategory.h */ = {isa = PBXFileReference; fileEncoding = 4; lastKnownFileType = sourcecode.c.h; path = HBKitCategory.h; sourceTree = "<group>"; };
		185D2D582626E5A5001A94BD /* UIColor+HBCategory.h */ = {isa = PBXFileReference; fileEncoding = 4; lastKnownFileType = sourcecode.c.h; path = "UIColor+HBCategory.h"; sourceTree = "<group>"; };
		185D2D592626E5A5001A94BD /* UILabel+StringFrame.m */ = {isa = PBXFileReference; fileEncoding = 4; lastKnownFileType = sourcecode.c.objc; path = "UILabel+StringFrame.m"; sourceTree = "<group>"; };
		185D2D5A2626E5A5001A94BD /* NSData+Compression.m */ = {isa = PBXFileReference; fileEncoding = 4; lastKnownFileType = sourcecode.c.objc; path = "NSData+Compression.m"; sourceTree = "<group>"; };
		185D2D5B2626E5A5001A94BD /* UIView+Extension.h */ = {isa = PBXFileReference; fileEncoding = 4; lastKnownFileType = sourcecode.c.h; path = "UIView+Extension.h"; sourceTree = "<group>"; };
		185D2D5C2626E5A5001A94BD /* UILabel+HBExtension.m */ = {isa = PBXFileReference; fileEncoding = 4; lastKnownFileType = sourcecode.c.objc; path = "UILabel+HBExtension.m"; sourceTree = "<group>"; };
		185D2D5D2626E5A5001A94BD /* UIImageView+HBExtension.h */ = {isa = PBXFileReference; fileEncoding = 4; lastKnownFileType = sourcecode.c.h; path = "UIImageView+HBExtension.h"; sourceTree = "<group>"; };
		185D2D5E2626E5A5001A94BD /* NSString+Replace.h */ = {isa = PBXFileReference; fileEncoding = 4; lastKnownFileType = sourcecode.c.h; path = "NSString+Replace.h"; sourceTree = "<group>"; };
		185D2D5F2626E5A5001A94BD /* UIBarButtonItem+HBExtension.h */ = {isa = PBXFileReference; fileEncoding = 4; lastKnownFileType = sourcecode.c.h; path = "UIBarButtonItem+HBExtension.h"; sourceTree = "<group>"; };
		185D2D602626E5A5001A94BD /* UIButton+HBExtension.m */ = {isa = PBXFileReference; fileEncoding = 4; lastKnownFileType = sourcecode.c.objc; path = "UIButton+HBExtension.m"; sourceTree = "<group>"; };
		185D2D612626E5A5001A94BD /* UINavigationBar+Extension.m */ = {isa = PBXFileReference; fileEncoding = 4; lastKnownFileType = sourcecode.c.objc; path = "UINavigationBar+Extension.m"; sourceTree = "<group>"; };
		185D2D622626E5A5001A94BD /* UIButton+TimerButton.m */ = {isa = PBXFileReference; fileEncoding = 4; lastKnownFileType = sourcecode.c.objc; path = "UIButton+TimerButton.m"; sourceTree = "<group>"; };
		185D2D632626E5A5001A94BD /* UIImage+ImageSize.h */ = {isa = PBXFileReference; fileEncoding = 4; lastKnownFileType = sourcecode.c.h; path = "UIImage+ImageSize.h"; sourceTree = "<group>"; };
		185D2D642626E5A5001A94BD /* UIViewController+Dealloc.m */ = {isa = PBXFileReference; fileEncoding = 4; lastKnownFileType = sourcecode.c.objc; path = "UIViewController+Dealloc.m"; sourceTree = "<group>"; };
		185D2D652626E5A5001A94BD /* UIViewController+GestureStateBlock.m */ = {isa = PBXFileReference; fileEncoding = 4; lastKnownFileType = sourcecode.c.objc; path = "UIViewController+GestureStateBlock.m"; sourceTree = "<group>"; };
		185D2D662626E5A5001A94BD /* NSString+MD5Addition.h */ = {isa = PBXFileReference; fileEncoding = 4; lastKnownFileType = sourcecode.c.h; path = "NSString+MD5Addition.h"; sourceTree = "<group>"; };
		185D2D672626E5A5001A94BD /* UIScrollView+AllowPanGestureEventPass.h */ = {isa = PBXFileReference; fileEncoding = 4; lastKnownFileType = sourcecode.c.h; path = "UIScrollView+AllowPanGestureEventPass.h"; sourceTree = "<group>"; };
		185D2D682626E5A5001A94BD /* NSDictionary+GetValue.m */ = {isa = PBXFileReference; fileEncoding = 4; lastKnownFileType = sourcecode.c.objc; path = "NSDictionary+GetValue.m"; sourceTree = "<group>"; };
		185D2D692626E5A5001A94BD /* UIButton+ImageTitleSpacing.m */ = {isa = PBXFileReference; fileEncoding = 4; lastKnownFileType = sourcecode.c.objc; path = "UIButton+ImageTitleSpacing.m"; sourceTree = "<group>"; };
		185D2D6A2626E5A5001A94BD /* NSData+Compression.h */ = {isa = PBXFileReference; fileEncoding = 4; lastKnownFileType = sourcecode.c.h; path = "NSData+Compression.h"; sourceTree = "<group>"; };
		185D2D6B2626E5A5001A94BD /* UIColor+HBCategory.m */ = {isa = PBXFileReference; fileEncoding = 4; lastKnownFileType = sourcecode.c.objc; path = "UIColor+HBCategory.m"; sourceTree = "<group>"; };
		185D2D6C2626E5A5001A94BD /* UILabel+StringFrame.h */ = {isa = PBXFileReference; fileEncoding = 4; lastKnownFileType = sourcecode.c.h; path = "UILabel+StringFrame.h"; sourceTree = "<group>"; };
		185D2D6D2626E5A5001A94BD /* NSObject+Property.m */ = {isa = PBXFileReference; fileEncoding = 4; lastKnownFileType = sourcecode.c.objc; path = "NSObject+Property.m"; sourceTree = "<group>"; };
		185D2D6E2626E5A5001A94BD /* UIAlertController+Alert.h */ = {isa = PBXFileReference; fileEncoding = 4; lastKnownFileType = sourcecode.c.h; path = "UIAlertController+Alert.h"; sourceTree = "<group>"; };
		185D2D6F2626E5A5001A94BD /* UIButton+TimerButton.h */ = {isa = PBXFileReference; fileEncoding = 4; lastKnownFileType = sourcecode.c.h; path = "UIButton+TimerButton.h"; sourceTree = "<group>"; };
		185D2D702626E5A5001A94BD /* UINavigationBar+Extension.h */ = {isa = PBXFileReference; fileEncoding = 4; lastKnownFileType = sourcecode.c.h; path = "UINavigationBar+Extension.h"; sourceTree = "<group>"; };
		185D2D712626E5A5001A94BD /* UIButton+HBExtension.h */ = {isa = PBXFileReference; fileEncoding = 4; lastKnownFileType = sourcecode.c.h; path = "UIButton+HBExtension.h"; sourceTree = "<group>"; };
		185D2D722626E5A5001A94BD /* UIBarButtonItem+HBExtension.m */ = {isa = PBXFileReference; fileEncoding = 4; lastKnownFileType = sourcecode.c.objc; path = "UIBarButtonItem+HBExtension.m"; sourceTree = "<group>"; };
		185D2D732626E5A5001A94BD /* NSString+Replace.m */ = {isa = PBXFileReference; fileEncoding = 4; lastKnownFileType = sourcecode.c.objc; path = "NSString+Replace.m"; sourceTree = "<group>"; };
		185D2D742626E5A5001A94BD /* UILabel+HBExtension.h */ = {isa = PBXFileReference; fileEncoding = 4; lastKnownFileType = sourcecode.c.h; path = "UILabel+HBExtension.h"; sourceTree = "<group>"; };
		185D2D752626E5A5001A94BD /* UIImageView+HBExtension.m */ = {isa = PBXFileReference; fileEncoding = 4; lastKnownFileType = sourcecode.c.objc; path = "UIImageView+HBExtension.m"; sourceTree = "<group>"; };
		185D2D762626E5A5001A94BD /* UIView+Extension.m */ = {isa = PBXFileReference; fileEncoding = 4; lastKnownFileType = sourcecode.c.objc; path = "UIView+Extension.m"; sourceTree = "<group>"; };
		185D2D772626E5A5001A94BD /* UIViewController+GestureStateBlock.h */ = {isa = PBXFileReference; fileEncoding = 4; lastKnownFileType = sourcecode.c.h; path = "UIViewController+GestureStateBlock.h"; sourceTree = "<group>"; };
		185D2D782626E5A5001A94BD /* UIViewController+Dealloc.h */ = {isa = PBXFileReference; fileEncoding = 4; lastKnownFileType = sourcecode.c.h; path = "UIViewController+Dealloc.h"; sourceTree = "<group>"; };
		185D2D792626E5A5001A94BD /* UIImage+ImageSize.m */ = {isa = PBXFileReference; fileEncoding = 4; lastKnownFileType = sourcecode.c.objc; path = "UIImage+ImageSize.m"; sourceTree = "<group>"; };
/* End PBXFileReference section */

/* Begin PBXFrameworksBuildPhase section */
		185D2BEA2626D139001A94BD /* Frameworks */ = {
			isa = PBXFrameworksBuildPhase;
			buildActionMask = 2147483647;
			files = (
			);
			runOnlyForDeploymentPostprocessing = 0;
		};
/* End PBXFrameworksBuildPhase section */

/* Begin PBXGroup section */
		185D2BE42626D139001A94BD = {
			isa = PBXGroup;
			children = (
				185D2D502626E5A5001A94BD /* XHBCategory */,
				185D2BEF2626D139001A94BD /* HBCategoryDemo */,
				185D2BEE2626D139001A94BD /* Products */,
			);
			sourceTree = "<group>";
		};
		185D2BEE2626D139001A94BD /* Products */ = {
			isa = PBXGroup;
			children = (
				185D2BED2626D139001A94BD /* HBCategoryDemo.app */,
			);
			name = Products;
			sourceTree = "<group>";
		};
		185D2BEF2626D139001A94BD /* HBCategoryDemo */ = {
			isa = PBXGroup;
			children = (
				185D2BF02626D139001A94BD /* AppDelegate.h */,
				185D2BF12626D139001A94BD /* AppDelegate.m */,
				185D2BF32626D139001A94BD /* SceneDelegate.h */,
				185D2BF42626D139001A94BD /* SceneDelegate.m */,
				185D2BF62626D139001A94BD /* ViewController.h */,
				185D2BF72626D139001A94BD /* ViewController.m */,
				185D2BF92626D139001A94BD /* Main.storyboard */,
				185D2BFC2626D13D001A94BD /* Assets.xcassets */,
				185D2BFE2626D13D001A94BD /* LaunchScreen.storyboard */,
				185D2C012626D13D001A94BD /* Info.plist */,
				185D2C022626D13D001A94BD /* main.m */,
			);
			path = HBCategoryDemo;
			sourceTree = "<group>";
		};
		185D2D502626E5A5001A94BD /* XHBCategory */ = {
			isa = PBXGroup;
			children = (
				185D2D512626E5A5001A94BD /* UIButton+ImageTitleSpacing.h */,
				185D2D522626E5A5001A94BD /* NSDictionary+GetValue.h */,
				185D2D532626E5A5001A94BD /* UIScrollView+AllowPanGestureEventPass.m */,
				185D2D542626E5A5001A94BD /* NSString+MD5Addition.m */,
				185D2D552626E5A5001A94BD /* UIAlertController+Alert.m */,
				185D2D562626E5A5001A94BD /* NSObject+Property.h */,
				185D2D572626E5A5001A94BD /* HBKitCategory.h */,
				185D2D582626E5A5001A94BD /* UIColor+HBCategory.h */,
				185D2D592626E5A5001A94BD /* UILabel+StringFrame.m */,
				185D2D5A2626E5A5001A94BD /* NSData+Compression.m */,
				185D2D5B2626E5A5001A94BD /* UIView+Extension.h */,
				185D2D5C2626E5A5001A94BD /* UILabel+HBExtension.m */,
				185D2D5D2626E5A5001A94BD /* UIImageView+HBExtension.h */,
				185D2D5E2626E5A5001A94BD /* NSString+Replace.h */,
				185D2D5F2626E5A5001A94BD /* UIBarButtonItem+HBExtension.h */,
				185D2D602626E5A5001A94BD /* UIButton+HBExtension.m */,
				185D2D612626E5A5001A94BD /* UINavigationBar+Extension.m */,
				185D2D622626E5A5001A94BD /* UIButton+TimerButton.m */,
				185D2D632626E5A5001A94BD /* UIImage+ImageSize.h */,
				185D2D642626E5A5001A94BD /* UIViewController+Dealloc.m */,
				185D2D652626E5A5001A94BD /* UIViewController+GestureStateBlock.m */,
				185D2D662626E5A5001A94BD /* NSString+MD5Addition.h */,
				185D2D672626E5A5001A94BD /* UIScrollView+AllowPanGestureEventPass.h */,
				185D2D682626E5A5001A94BD /* NSDictionary+GetValue.m */,
				185D2D692626E5A5001A94BD /* UIButton+ImageTitleSpacing.m */,
				185D2D6A2626E5A5001A94BD /* NSData+Compression.h */,
				185D2D6B2626E5A5001A94BD /* UIColor+HBCategory.m */,
				185D2D6C2626E5A5001A94BD /* UILabel+StringFrame.h */,
				185D2D6D2626E5A5001A94BD /* NSObject+Property.m */,
				185D2D6E2626E5A5001A94BD /* UIAlertController+Alert.h */,
				185D2D6F2626E5A5001A94BD /* UIButton+TimerButton.h */,
				185D2D702626E5A5001A94BD /* UINavigationBar+Extension.h */,
				185D2D712626E5A5001A94BD /* UIButton+HBExtension.h */,
				185D2D722626E5A5001A94BD /* UIBarButtonItem+HBExtension.m */,
				185D2D732626E5A5001A94BD /* NSString+Replace.m */,
				185D2D742626E5A5001A94BD /* UILabel+HBExtension.h */,
				185D2D752626E5A5001A94BD /* UIImageView+HBExtension.m */,
				185D2D762626E5A5001A94BD /* UIView+Extension.m */,
				185D2D772626E5A5001A94BD /* UIViewController+GestureStateBlock.h */,
				185D2D782626E5A5001A94BD /* UIViewController+Dealloc.h */,
				185D2D792626E5A5001A94BD /* UIImage+ImageSize.m */,
			);
			path = XHBCategory;
			sourceTree = "<group>";
		};
/* End PBXGroup section */

/* Begin PBXNativeTarget section */
		185D2BEC2626D139001A94BD /* HBCategoryDemo */ = {
			isa = PBXNativeTarget;
			buildConfigurationList = 185D2C062626D13D001A94BD /* Build configuration list for PBXNativeTarget "HBCategoryDemo" */;
			buildPhases = (
				185D2BE92626D139001A94BD /* Sources */,
				185D2BEA2626D139001A94BD /* Frameworks */,
				185D2BEB2626D139001A94BD /* Resources */,
			);
			buildRules = (
			);
			dependencies = (
			);
			name = HBCategoryDemo;
			productName = HBCategoryDemo;
			productReference = 185D2BED2626D139001A94BD /* HBCategoryDemo.app */;
			productType = "com.apple.product-type.application";
		};
/* End PBXNativeTarget section */

/* Begin PBXProject section */
		185D2BE52626D139001A94BD /* Project object */ = {
			isa = PBXProject;
			attributes = {
				LastUpgradeCheck = 1160;
				ORGANIZATIONNAME = "东坡";
				TargetAttributes = {
					185D2BEC2626D139001A94BD = {
						CreatedOnToolsVersion = 11.6;
					};
				};
			};
			buildConfigurationList = 185D2BE82626D139001A94BD /* Build configuration list for PBXProject "HBCategoryDemo" */;
			compatibilityVersion = "Xcode 9.3";
			developmentRegion = en;
			hasScannedForEncodings = 0;
			knownRegions = (
				en,
				Base,
			);
			mainGroup = 185D2BE42626D139001A94BD;
			productRefGroup = 185D2BEE2626D139001A94BD /* Products */;
			projectDirPath = "";
			projectRoot = "";
			targets = (
				185D2BEC2626D139001A94BD /* HBCategoryDemo */,
			);
		};
/* End PBXProject section */

/* Begin PBXResourcesBuildPhase section */
		185D2BEB2626D139001A94BD /* Resources */ = {
			isa = PBXResourcesBuildPhase;
			buildActionMask = 2147483647;
			files = (
				185D2C002626D13D001A94BD /* LaunchScreen.storyboard in Resources */,
				185D2BFD2626D13D001A94BD /* Assets.xcassets in Resources */,
				185D2BFB2626D139001A94BD /* Main.storyboard in Resources */,
			);
			runOnlyForDeploymentPostprocessing = 0;
		};
/* End PBXResourcesBuildPhase section */

/* Begin PBXSourcesBuildPhase section */
		185D2BE92626D139001A94BD /* Sources */ = {
			isa = PBXSourcesBuildPhase;
			buildActionMask = 2147483647;
			files = (
				185D2D8D2626E5A5001A94BD /* UIImage+ImageSize.m in Sources */,
				185D2D802626E5A5001A94BD /* UIButton+HBExtension.m in Sources */,
				185D2D852626E5A5001A94BD /* NSDictionary+GetValue.m in Sources */,
				185D2D822626E5A5001A94BD /* UIButton+TimerButton.m in Sources */,
				185D2D7A2626E5A5001A94BD /* UIScrollView+AllowPanGestureEventPass.m in Sources */,
				185D2D8B2626E5A5001A94BD /* UIImageView+HBExtension.m in Sources */,
				185D2D892626E5A5001A94BD /* UIBarButtonItem+HBExtension.m in Sources */,
				185D2BF82626D139001A94BD /* ViewController.m in Sources */,
				185D2D8A2626E5A5001A94BD /* NSString+Replace.m in Sources */,
				185D2D7C2626E5A5001A94BD /* UIAlertController+Alert.m in Sources */,
				185D2D7D2626E5A5001A94BD /* UILabel+StringFrame.m in Sources */,
				185D2D872626E5A5001A94BD /* UIColor+HBCategory.m in Sources */,
				185D2BF22626D139001A94BD /* AppDelegate.m in Sources */,
				185D2D882626E5A5001A94BD /* NSObject+Property.m in Sources */,
				185D2C032626D13D001A94BD /* main.m in Sources */,
				185D2D862626E5A5001A94BD /* UIButton+ImageTitleSpacing.m in Sources */,
				185D2D842626E5A5001A94BD /* UIViewController+GestureStateBlock.m in Sources */,
				185D2D7E2626E5A5001A94BD /* NSData+Compression.m in Sources */,
				185D2D7B2626E5A5001A94BD /* NSString+MD5Addition.m in Sources */,
				185D2D812626E5A5001A94BD /* UINavigationBar+Extension.m in Sources */,
				185D2D8C2626E5A5001A94BD /* UIView+Extension.m in Sources */,
				185D2D832626E5A5001A94BD /* UIViewController+Dealloc.m in Sources */,
				185D2D7F2626E5A5001A94BD /* UILabel+HBExtension.m in Sources */,
				185D2BF52626D139001A94BD /* SceneDelegate.m in Sources */,
			);
			runOnlyForDeploymentPostprocessing = 0;
		};
/* End PBXSourcesBuildPhase section */

/* Begin PBXVariantGroup section */
		185D2BF92626D139001A94BD /* Main.storyboard */ = {
			isa = PBXVariantGroup;
			children = (
				185D2BFA2626D139001A94BD /* Base */,
			);
			name = Main.storyboard;
			sourceTree = "<group>";
		};
		185D2BFE2626D13D001A94BD /* LaunchScreen.storyboard */ = {
			isa = PBXVariantGroup;
			children = (
				185D2BFF2626D13D001A94BD /* Base */,
			);
			name = LaunchScreen.storyboard;
			sourceTree = "<group>";
		};
/* End PBXVariantGroup section */

/* Begin XCBuildConfiguration section */
		185D2C042626D13D001A94BD /* Debug */ = {
			isa = XCBuildConfiguration;
			buildSettings = {
				ALWAYS_SEARCH_USER_PATHS = NO;
				CLANG_ANALYZER_NONNULL = YES;
				CLANG_ANALYZER_NUMBER_OBJECT_CONVERSION = YES_AGGRESSIVE;
				CLANG_CXX_LANGUAGE_STANDARD = "gnu++14";
				CLANG_CXX_LIBRARY = "libc++";
				CLANG_ENABLE_MODULES = YES;
				CLANG_ENABLE_OBJC_ARC = YES;
				CLANG_ENABLE_OBJC_WEAK = YES;
				CLANG_WARN_BLOCK_CAPTURE_AUTORELEASING = YES;
				CLANG_WARN_BOOL_CONVERSION = YES;
				CLANG_WARN_COMMA = YES;
				CLANG_WARN_CONSTANT_CONVERSION = YES;
				CLANG_WARN_DEPRECATED_OBJC_IMPLEMENTATIONS = YES;
				CLANG_WARN_DIRECT_OBJC_ISA_USAGE = YES_ERROR;
				CLANG_WARN_DOCUMENTATION_COMMENTS = YES;
				CLANG_WARN_EMPTY_BODY = YES;
				CLANG_WARN_ENUM_CONVERSION = YES;
				CLANG_WARN_INFINITE_RECURSION = YES;
				CLANG_WARN_INT_CONVERSION = YES;
				CLANG_WARN_NON_LITERAL_NULL_CONVERSION = YES;
				CLANG_WARN_OBJC_IMPLICIT_RETAIN_SELF = YES;
				CLANG_WARN_OBJC_LITERAL_CONVERSION = YES;
				CLANG_WARN_OBJC_ROOT_CLASS = YES_ERROR;
				CLANG_WARN_RANGE_LOOP_ANALYSIS = YES;
				CLANG_WARN_STRICT_PROTOTYPES = YES;
				CLANG_WARN_SUSPICIOUS_MOVE = YES;
				CLANG_WARN_UNGUARDED_AVAILABILITY = YES_AGGRESSIVE;
				CLANG_WARN_UNREACHABLE_CODE = YES;
				CLANG_WARN__DUPLICATE_METHOD_MATCH = YES;
				COPY_PHASE_STRIP = NO;
				DEBUG_INFORMATION_FORMAT = dwarf;
				ENABLE_STRICT_OBJC_MSGSEND = YES;
				ENABLE_TESTABILITY = YES;
				GCC_C_LANGUAGE_STANDARD = gnu11;
				GCC_DYNAMIC_NO_PIC = NO;
				GCC_NO_COMMON_BLOCKS = YES;
				GCC_OPTIMIZATION_LEVEL = 0;
				GCC_PREPROCESSOR_DEFINITIONS = (
					"DEBUG=1",
					"$(inherited)",
				);
				GCC_WARN_64_TO_32_BIT_CONVERSION = YES;
				GCC_WARN_ABOUT_RETURN_TYPE = YES_ERROR;
				GCC_WARN_UNDECLARED_SELECTOR = YES;
				GCC_WARN_UNINITIALIZED_AUTOS = YES_AGGRESSIVE;
				GCC_WARN_UNUSED_FUNCTION = YES;
				GCC_WARN_UNUSED_VARIABLE = YES;
				IPHONEOS_DEPLOYMENT_TARGET = 13.6;
				MTL_ENABLE_DEBUG_INFO = INCLUDE_SOURCE;
				MTL_FAST_MATH = YES;
				ONLY_ACTIVE_ARCH = YES;
				SDKROOT = iphoneos;
			};
			name = Debug;
		};
		185D2C052626D13D001A94BD /* Release */ = {
			isa = XCBuildConfiguration;
			buildSettings = {
				ALWAYS_SEARCH_USER_PATHS = NO;
				CLANG_ANALYZER_NONNULL = YES;
				CLANG_ANALYZER_NUMBER_OBJECT_CONVERSION = YES_AGGRESSIVE;
				CLANG_CXX_LANGUAGE_STANDARD = "gnu++14";
				CLANG_CXX_LIBRARY = "libc++";
				CLANG_ENABLE_MODULES = YES;
				CLANG_ENABLE_OBJC_ARC = YES;
				CLANG_ENABLE_OBJC_WEAK = YES;
				CLANG_WARN_BLOCK_CAPTURE_AUTORELEASING = YES;
				CLANG_WARN_BOOL_CONVERSION = YES;
				CLANG_WARN_COMMA = YES;
				CLANG_WARN_CONSTANT_CONVERSION = YES;
				CLANG_WARN_DEPRECATED_OBJC_IMPLEMENTATIONS = YES;
				CLANG_WARN_DIRECT_OBJC_ISA_USAGE = YES_ERROR;
				CLANG_WARN_DOCUMENTATION_COMMENTS = YES;
				CLANG_WARN_EMPTY_BODY = YES;
				CLANG_WARN_ENUM_CONVERSION = YES;
				CLANG_WARN_INFINITE_RECURSION = YES;
				CLANG_WARN_INT_CONVERSION = YES;
				CLANG_WARN_NON_LITERAL_NULL_CONVERSION = YES;
				CLANG_WARN_OBJC_IMPLICIT_RETAIN_SELF = YES;
				CLANG_WARN_OBJC_LITERAL_CONVERSION = YES;
				CLANG_WARN_OBJC_ROOT_CLASS = YES_ERROR;
				CLANG_WARN_RANGE_LOOP_ANALYSIS = YES;
				CLANG_WARN_STRICT_PROTOTYPES = YES;
				CLANG_WARN_SUSPICIOUS_MOVE = YES;
				CLANG_WARN_UNGUARDED_AVAILABILITY = YES_AGGRESSIVE;
				CLANG_WARN_UNREACHABLE_CODE = YES;
				CLANG_WARN__DUPLICATE_METHOD_MATCH = YES;
				COPY_PHASE_STRIP = NO;
				DEBUG_INFORMATION_FORMAT = "dwarf-with-dsym";
				ENABLE_NS_ASSERTIONS = NO;
				ENABLE_STRICT_OBJC_MSGSEND = YES;
				GCC_C_LANGUAGE_STANDARD = gnu11;
				GCC_NO_COMMON_BLOCKS = YES;
				GCC_WARN_64_TO_32_BIT_CONVERSION = YES;
				GCC_WARN_ABOUT_RETURN_TYPE = YES_ERROR;
				GCC_WARN_UNDECLARED_SELECTOR = YES;
				GCC_WARN_UNINITIALIZED_AUTOS = YES_AGGRESSIVE;
				GCC_WARN_UNUSED_FUNCTION = YES;
				GCC_WARN_UNUSED_VARIABLE = YES;
				IPHONEOS_DEPLOYMENT_TARGET = 13.6;
				MTL_ENABLE_DEBUG_INFO = NO;
				MTL_FAST_MATH = YES;
				SDKROOT = iphoneos;
				VALIDATE_PRODUCT = YES;
			};
			name = Release;
		};
		185D2C072626D13D001A94BD /* Debug */ = {
			isa = XCBuildConfiguration;
			buildSettings = {
				ASSETCATALOG_COMPILER_APPICON_NAME = AppIcon;
				CODE_SIGN_STYLE = Automatic;
				DEVELOPMENT_TEAM = 5U4E6NB59X;
				INFOPLIST_FILE = HBCategoryDemo/Info.plist;
				IPHONEOS_DEPLOYMENT_TARGET = 9.0;
				LD_RUNPATH_SEARCH_PATHS = (
					"$(inherited)",
					"@executable_path/Frameworks",
				);
				PRODUCT_BUNDLE_IDENTIFIER = jovision.HBCategoryDemo;
				PRODUCT_NAME = "$(TARGET_NAME)";
				TARGETED_DEVICE_FAMILY = "1,2";
			};
			name = Debug;
		};
		185D2C082626D13D001A94BD /* Release */ = {
			isa = XCBuildConfiguration;
			buildSettings = {
				ASSETCATALOG_COMPILER_APPICON_NAME = AppIcon;
				CODE_SIGN_STYLE = Automatic;
				DEVELOPMENT_TEAM = 5U4E6NB59X;
				INFOPLIST_FILE = HBCategoryDemo/Info.plist;
				IPHONEOS_DEPLOYMENT_TARGET = 9.0;
				LD_RUNPATH_SEARCH_PATHS = (
					"$(inherited)",
					"@executable_path/Frameworks",
				);
				PRODUCT_BUNDLE_IDENTIFIER = jovision.HBCategoryDemo;
				PRODUCT_NAME = "$(TARGET_NAME)";
				TARGETED_DEVICE_FAMILY = "1,2";
			};
			name = Release;
		};
/* End XCBuildConfiguration section */

/* Begin XCConfigurationList section */
		185D2BE82626D139001A94BD /* Build configuration list for PBXProject "HBCategoryDemo" */ = {
			isa = XCConfigurationList;
			buildConfigurations = (
				185D2C042626D13D001A94BD /* Debug */,
				185D2C052626D13D001A94BD /* Release */,
			);
			defaultConfigurationIsVisible = 0;
			defaultConfigurationName = Release;
		};
		185D2C062626D13D001A94BD /* Build configuration list for PBXNativeTarget "HBCategoryDemo" */ = {
			isa = XCConfigurationList;
			buildConfigurations = (
				185D2C072626D13D001A94BD /* Debug */,
				185D2C082626D13D001A94BD /* Release */,
			);
			defaultConfigurationIsVisible = 0;
			defaultConfigurationName = Release;
		};
/* End XCConfigurationList section */
	};
	rootObject = 185D2BE52626D139001A94BD /* Project object */;
}
